
Microsoft Visual Studio Solution File, Format Version 12.00
# Visual Studio 15
VisualStudioVersion = 15.0.27428.2011
MinimumVisualStudioVersion = 10.0.40219.1
Project("{FAE04EC0-301F-11D3-BF4B-00C04F79EFBC}") = "4_lab", "4_lab\4_lab.csproj", "{C9356B86-6CC6-4C9E-B032-F5C0FBE0D265}"
EndProject
Global
	GlobalSection(SolutionConfigurationPlatforms) = preSolution
		Debug|Any CPU = Debug|Any CPU
		Release|Any CPU = Release|Any CPU
	EndGlobalSection
	GlobalSection(ProjectConfigurationPlatforms) = postSolution
		{C9356B86-6CC6-4C9E-B032-F5C0FBE0D265}.Debug|Any CPU.ActiveCfg = Debug|Any CPU
		{C9356B86-6CC6-4C9E-B032-F5C0FBE0D265}.Debug|Any CPU.Build.0 = Debug|Any CPU
		{C9356B86-6CC6-4C9E-B032-F5C0FBE0D265}.Release|Any CPU.ActiveCfg = Release|Any CPU
		{C9356B86-6CC6-4C9E-B032-F5C0FBE0D265}.Release|Any CPU.Build.0 = Release|Any CPU
	EndGlobalSection
	GlobalSection(SolutionProperties) = preSolution
		HideSolutionNode = FALSE
	EndGlobalSection
	GlobalSection(ExtensibilityGlobals) = postSolution
		SolutionGuid = {6AEE815C-8DF3-4C49-BC39-6332493C40C5}
	EndGlobalSection
EndGlobal
