
Microsoft Visual Studio Solution File, Format Version 12.00
# Visual Studio 15
VisualStudioVersion = 15.0.27130.2027
MinimumVisualStudioVersion = 10.0.40219.1
Project("{FAE04EC0-301F-11D3-BF4B-00C04F79EFBC}") = "TextProcessor329", "TextProcessor329\TextProcessor329.csproj", "{834CE8EA-847F-467C-963F-7648ED1B58A7}"
EndProject
Global
	GlobalSection(SolutionConfigurationPlatforms) = preSolution
		Debug|Any CPU = Debug|Any CPU
		Release|Any CPU = Release|Any CPU
	EndGlobalSection
	GlobalSection(ProjectConfigurationPlatforms) = postSolution
		{834CE8EA-847F-467C-963F-7648ED1B58A7}.Debug|Any CPU.ActiveCfg = Debug|Any CPU
		{834CE8EA-847F-467C-963F-7648ED1B58A7}.Debug|Any CPU.Build.0 = Debug|Any CPU
		{834CE8EA-847F-467C-963F-7648ED1B58A7}.Release|Any CPU.ActiveCfg = Release|Any CPU
		{834CE8EA-847F-467C-963F-7648ED1B58A7}.Release|Any CPU.Build.0 = Release|Any CPU
	EndGlobalSection
	GlobalSection(SolutionProperties) = preSolution
		HideSolutionNode = FALSE
	EndGlobalSection
	GlobalSection(ExtensibilityGlobals) = postSolution
		SolutionGuid = {1D04AD2B-596C-4050-BF42-1D6CE161FE65}
	EndGlobalSection
EndGlobal
