
Microsoft Visual Studio Solution File, Format Version 12.00
# Visual Studio 15
VisualStudioVersion = 15.0.28010.2041
MinimumVisualStudioVersion = 10.0.40219.1
Project("{FAE04EC0-301F-11D3-BF4B-00C04F79EFBC}") = "JsonRPC", "JsonRPC\JsonRPC.csproj", "{9D10489C-C3DF-4AC0-98E0-16FE1FB3CC6C}"
EndProject
Global
	GlobalSection(SolutionConfigurationPlatforms) = preSolution
		Debug|Any CPU = Debug|Any CPU
		Release|Any CPU = Release|Any CPU
	EndGlobalSection
	GlobalSection(ProjectConfigurationPlatforms) = postSolution
		{9D10489C-C3DF-4AC0-98E0-16FE1FB3CC6C}.Debug|Any CPU.ActiveCfg = Debug|Any CPU
		{9D10489C-C3DF-4AC0-98E0-16FE1FB3CC6C}.Debug|Any CPU.Build.0 = Debug|Any CPU
		{9D10489C-C3DF-4AC0-98E0-16FE1FB3CC6C}.Release|Any CPU.ActiveCfg = Release|Any CPU
		{9D10489C-C3DF-4AC0-98E0-16FE1FB3CC6C}.Release|Any CPU.Build.0 = Release|Any CPU
	EndGlobalSection
	GlobalSection(SolutionProperties) = preSolution
		HideSolutionNode = FALSE
	EndGlobalSection
	GlobalSection(ExtensibilityGlobals) = postSolution
		SolutionGuid = {C0C57621-F296-45B8-9ED8-85C6F1E15D76}
	EndGlobalSection
EndGlobal
