
Microsoft Visual Studio Solution File, Format Version 12.00
# Visual Studio 15
VisualStudioVersion = 15.0.26730.16
MinimumVisualStudioVersion = 10.0.40219.1
Project("{FAE04EC0-301F-11D3-BF4B-00C04F79EFBC}") = "lab14", "lab14\lab14.csproj", "{F259541F-88F7-43A3-AFA0-D124B412D153}"
EndProject
Global
	GlobalSection(SolutionConfigurationPlatforms) = preSolution
		Debug|Any CPU = Debug|Any CPU
		Release|Any CPU = Release|Any CPU
	EndGlobalSection
	GlobalSection(ProjectConfigurationPlatforms) = postSolution
		{F259541F-88F7-43A3-AFA0-D124B412D153}.Debug|Any CPU.ActiveCfg = Debug|Any CPU
		{F259541F-88F7-43A3-AFA0-D124B412D153}.Debug|Any CPU.Build.0 = Debug|Any CPU
		{F259541F-88F7-43A3-AFA0-D124B412D153}.Release|Any CPU.ActiveCfg = Release|Any CPU
		{F259541F-88F7-43A3-AFA0-D124B412D153}.Release|Any CPU.Build.0 = Release|Any CPU
	EndGlobalSection
	GlobalSection(SolutionProperties) = preSolution
		HideSolutionNode = FALSE
	EndGlobalSection
	GlobalSection(ExtensibilityGlobals) = postSolution
		SolutionGuid = {18149BFD-A8B9-4591-9083-963E29D45656}
	EndGlobalSection
EndGlobal
