
Microsoft Visual Studio Solution File, Format Version 11.00
# Visual Studio 2010
Project("{8BC9CEB8-8B4A-11D0-8D11-00A0C91BC942}") = "ClientNPt", "ClientNPt\ClientNPt.vcxproj", "{0EC27BD5-65C3-4508-AB5A-79A60B6E2223}"
EndProject
Global
	GlobalSection(SolutionConfigurationPlatforms) = preSolution
		Debug|Win32 = Debug|Win32
		Release|Win32 = Release|Win32
	EndGlobalSection
	GlobalSection(ProjectConfigurationPlatforms) = postSolution
		{0EC27BD5-65C3-4508-AB5A-79A60B6E2223}.Debug|Win32.ActiveCfg = Debug|Win32
		{0EC27BD5-65C3-4508-AB5A-79A60B6E2223}.Debug|Win32.Build.0 = Debug|Win32
		{0EC27BD5-65C3-4508-AB5A-79A60B6E2223}.Release|Win32.ActiveCfg = Release|Win32
		{0EC27BD5-65C3-4508-AB5A-79A60B6E2223}.Release|Win32.Build.0 = Release|Win32
	EndGlobalSection
	GlobalSection(SolutionProperties) = preSolution
		HideSolutionNode = FALSE
	EndGlobalSection
EndGlobal
