
Microsoft Visual Studio Solution File, Format Version 12.00
# Visual Studio 15
VisualStudioVersion = 15.0.26730.16
MinimumVisualStudioVersion = 10.0.40219.1
Project("{FAE04EC0-301F-11D3-BF4B-00C04F79EFBC}") = "ООП13", "ООП13\ООП13.csproj", "{FCFC40FB-5EBF-4E50-959C-8D08E4C8F97C}"
EndProject
Global
	GlobalSection(SolutionConfigurationPlatforms) = preSolution
		Debug|Any CPU = Debug|Any CPU
		Release|Any CPU = Release|Any CPU
	EndGlobalSection
	GlobalSection(ProjectConfigurationPlatforms) = postSolution
		{FCFC40FB-5EBF-4E50-959C-8D08E4C8F97C}.Debug|Any CPU.ActiveCfg = Debug|Any CPU
		{FCFC40FB-5EBF-4E50-959C-8D08E4C8F97C}.Debug|Any CPU.Build.0 = Debug|Any CPU
		{FCFC40FB-5EBF-4E50-959C-8D08E4C8F97C}.Release|Any CPU.ActiveCfg = Release|Any CPU
		{FCFC40FB-5EBF-4E50-959C-8D08E4C8F97C}.Release|Any CPU.Build.0 = Release|Any CPU
	EndGlobalSection
	GlobalSection(SolutionProperties) = preSolution
		HideSolutionNode = FALSE
	EndGlobalSection
	GlobalSection(ExtensibilityGlobals) = postSolution
		SolutionGuid = {A42BCEC3-618B-4F98-9845-422B471B8841}
	EndGlobalSection
EndGlobal
