
Microsoft Visual Studio Solution File, Format Version 12.00
# Visual Studio 15
VisualStudioVersion = 15.0.26730.15
MinimumVisualStudioVersion = 10.0.40219.1
Project("{FAE04EC0-301F-11D3-BF4B-00C04F79EFBC}") = "lab2", "lab2\lab2.csproj", "{08ADE6CA-B2B3-4B9D-A2F4-A0AFF4480F8E}"
EndProject
Global
	GlobalSection(SolutionConfigurationPlatforms) = preSolution
		Debug|Any CPU = Debug|Any CPU
		Release|Any CPU = Release|Any CPU
	EndGlobalSection
	GlobalSection(ProjectConfigurationPlatforms) = postSolution
		{08ADE6CA-B2B3-4B9D-A2F4-A0AFF4480F8E}.Debug|Any CPU.ActiveCfg = Debug|Any CPU
		{08ADE6CA-B2B3-4B9D-A2F4-A0AFF4480F8E}.Debug|Any CPU.Build.0 = Debug|Any CPU
		{08ADE6CA-B2B3-4B9D-A2F4-A0AFF4480F8E}.Release|Any CPU.ActiveCfg = Release|Any CPU
		{08ADE6CA-B2B3-4B9D-A2F4-A0AFF4480F8E}.Release|Any CPU.Build.0 = Release|Any CPU
	EndGlobalSection
	GlobalSection(SolutionProperties) = preSolution
		HideSolutionNode = FALSE
	EndGlobalSection
	GlobalSection(ExtensibilityGlobals) = postSolution
		SolutionGuid = {D171BD48-79EE-4DAE-8DBD-1C266C1AB459}
	EndGlobalSection
EndGlobal
