
Microsoft Visual Studio Solution File, Format Version 12.00
# Visual Studio 15
VisualStudioVersion = 15.0.27004.2002
MinimumVisualStudioVersion = 10.0.40219.1
Project("{FAE04EC0-301F-11D3-BF4B-00C04F79EFBC}") = "13lab", "13lab\13lab.csproj", "{5717E0AA-D978-4F3B-98CF-5246EE0B2A11}"
EndProject
Global
	GlobalSection(SolutionConfigurationPlatforms) = preSolution
		Debug|Any CPU = Debug|Any CPU
		Release|Any CPU = Release|Any CPU
	EndGlobalSection
	GlobalSection(ProjectConfigurationPlatforms) = postSolution
		{5717E0AA-D978-4F3B-98CF-5246EE0B2A11}.Debug|Any CPU.ActiveCfg = Debug|Any CPU
		{5717E0AA-D978-4F3B-98CF-5246EE0B2A11}.Debug|Any CPU.Build.0 = Debug|Any CPU
		{5717E0AA-D978-4F3B-98CF-5246EE0B2A11}.Release|Any CPU.ActiveCfg = Release|Any CPU
		{5717E0AA-D978-4F3B-98CF-5246EE0B2A11}.Release|Any CPU.Build.0 = Release|Any CPU
	EndGlobalSection
	GlobalSection(SolutionProperties) = preSolution
		HideSolutionNode = FALSE
	EndGlobalSection
	GlobalSection(ExtensibilityGlobals) = postSolution
		SolutionGuid = {E3B6A5F6-E98B-4F8D-A6E3-AA8D173120D0}
	EndGlobalSection
EndGlobal
