
Microsoft Visual Studio Solution File, Format Version 12.00
# Visual Studio 15
VisualStudioVersion = 15.0.26730.16
MinimumVisualStudioVersion = 10.0.40219.1
Project("{FAE04EC0-301F-11D3-BF4B-00C04F79EFBC}") = "lab12", "lab12\lab12.csproj", "{CBF71C14-C280-44B0-BDF9-0E9AE24B76D5}"
EndProject
Global
	GlobalSection(SolutionConfigurationPlatforms) = preSolution
		Debug|Any CPU = Debug|Any CPU
		Release|Any CPU = Release|Any CPU
	EndGlobalSection
	GlobalSection(ProjectConfigurationPlatforms) = postSolution
		{CBF71C14-C280-44B0-BDF9-0E9AE24B76D5}.Debug|Any CPU.ActiveCfg = Debug|Any CPU
		{CBF71C14-C280-44B0-BDF9-0E9AE24B76D5}.Debug|Any CPU.Build.0 = Debug|Any CPU
		{CBF71C14-C280-44B0-BDF9-0E9AE24B76D5}.Release|Any CPU.ActiveCfg = Release|Any CPU
		{CBF71C14-C280-44B0-BDF9-0E9AE24B76D5}.Release|Any CPU.Build.0 = Release|Any CPU
	EndGlobalSection
	GlobalSection(SolutionProperties) = preSolution
		HideSolutionNode = FALSE
	EndGlobalSection
	GlobalSection(ExtensibilityGlobals) = postSolution
		SolutionGuid = {3A65E56F-9E35-484F-90BF-B4A87D96FEC9}
	EndGlobalSection
EndGlobal
