
Microsoft Visual Studio Solution File, Format Version 12.00
# Visual Studio 15
VisualStudioVersion = 15.0.26730.16
MinimumVisualStudioVersion = 10.0.40219.1
Project("{FAE04EC0-301F-11D3-BF4B-00C04F79EFBC}") = "KR", "KR\KR.csproj", "{B8FD9D01-3AC4-4329-B3D6-B466CFBB1E25}"
EndProject
Global
	GlobalSection(SolutionConfigurationPlatforms) = preSolution
		Debug|Any CPU = Debug|Any CPU
		Release|Any CPU = Release|Any CPU
	EndGlobalSection
	GlobalSection(ProjectConfigurationPlatforms) = postSolution
		{B8FD9D01-3AC4-4329-B3D6-B466CFBB1E25}.Debug|Any CPU.ActiveCfg = Debug|Any CPU
		{B8FD9D01-3AC4-4329-B3D6-B466CFBB1E25}.Debug|Any CPU.Build.0 = Debug|Any CPU
		{B8FD9D01-3AC4-4329-B3D6-B466CFBB1E25}.Release|Any CPU.ActiveCfg = Release|Any CPU
		{B8FD9D01-3AC4-4329-B3D6-B466CFBB1E25}.Release|Any CPU.Build.0 = Release|Any CPU
	EndGlobalSection
	GlobalSection(SolutionProperties) = preSolution
		HideSolutionNode = FALSE
	EndGlobalSection
	GlobalSection(ExtensibilityGlobals) = postSolution
		SolutionGuid = {30D3FBA9-1E51-46B8-B7B7-CF14FD7F997D}
	EndGlobalSection
EndGlobal
